
Microsoft Visual Studio Solution File, Format Version 12.00
# Visual Studio Version 17
VisualStudioVersion = 17.11.35303.130
MinimumVisualStudioVersion = 10.0.40219.1
Project("{9A19103F-16F7-4668-BE54-9A1E7A4F7556}") = "IW5.DAL", "IW5.DAL\IW5.DAL.csproj", "{C230585E-A17E-4A14-887A-4C533A4BCAC8}"
	ProjectSection(ProjectDependencies) = postProject
		{7683E564-7648-42A6-9739-7C245914FEF5} = {7683E564-7648-42A6-9739-7C245914FEF5}
	EndProjectSection
EndProject
Project("{9A19103F-16F7-4668-BE54-9A1E7A4F7556}") = "IW5.Common", "IW5.Common\IW5.Common.csproj", "{7683E564-7648-42A6-9739-7C245914FEF5}"
EndProject
Project("{9A19103F-16F7-4668-BE54-9A1E7A4F7556}") = "IW5.DAL.Contracts", "IW5.DAL.Contracts\IW5.DAL.Contracts.csproj", "{5CB195BB-14C3-4D43-8D32-F68632612B5F}"
EndProject
Project("{9A19103F-16F7-4668-BE54-9A1E7A4F7556}") = "IW5.Models", "IW5.Models\IW5.Models.csproj", "{3CC1D118-8A6A-4BEE-A103-8BCE922594B8}"
EndProject
Project("{9A19103F-16F7-4668-BE54-9A1E7A4F7556}") = "IW5.DAL.Repository", "IW5.DAL.Repository\IW5.DAL.Repository.csproj", "{7EAC5650-BCA5-463A-BE17-07C35A000E4D}"
EndProject
Project("{9A19103F-16F7-4668-BE54-9A1E7A4F7556}") = "IW5.DAL.Tests", "IW5.DAL.Tests\IW5.DAL.Tests.csproj", "{E240CFB1-934C-425C-B7EF-F08EBB4FF0C0}"
EndProject
Project("{9A19103F-16F7-4668-BE54-9A1E7A4F7556}") = "IW5.API", "IW5.API\IW5.API.csproj", "{DB56BF2E-895E-4870-AFB5-4118EBAAC506}"
EndProject
Project("{9A19103F-16F7-4668-BE54-9A1E7A4F7556}") = "IW5.BL.API", "IW5.BL\IW5.BL.API.csproj", "{FC00B511-CF52-40D6-83A0-DE311810D9A5}"
EndProject
Project("{9A19103F-16F7-4668-BE54-9A1E7A4F7556}") = "IW5.BL.API.Contracts", "IW5.BL.API.Contracts\IW5.BL.API.Contracts.csproj", "{D319A6E3-50BD-46DF-BBB6-BFB72B4627DE}"
EndProject
Project("{9A19103F-16F7-4668-BE54-9A1E7A4F7556}") = "IW5.BL.Models", "IW5.BL.Models\IW5.BL.Models.csproj", "{2DFD1D4D-E64A-4A34-B564-CAC994A2ACC7}"
EndProject
Project("{2150E333-8FDC-42A3-9474-1A3956D46DE8}") = "DAL", "DAL", "{28907FCF-8F39-47DF-9EE3-C209CD3BDF15}"
EndProject
Project("{9A19103F-16F7-4668-BE54-9A1E7A4F7556}") = "IW5.BL.Tests", "IW5.BL.Tests\IW5.BL.Tests.csproj", "{7C4B6F21-413A-4655-A532-86DA4FF17343}"
EndProject
Project("{9A19103F-16F7-4668-BE54-9A1E7A4F7556}") = "IW5.API.Tests", "IW5.API.Tests\IW5.API.Tests.csproj", "{3FE2330C-B827-415C-9090-1A8110714FB1}"
EndProject
Project("{2150E333-8FDC-42A3-9474-1A3956D46DE8}") = "Identity", "Identity", "{0BF4E3A4-BADD-48AF-AE7C-47AD5E4D8D77}"
EndProject
Project("{9A19103F-16F7-4668-BE54-9A1E7A4F7556}") = "IW5.IdentityProvider.DAL", "IW5.IdentityProvider.DAL\IW5.IdentityProvider.DAL.csproj", "{7FE89244-63A1-4659-96AD-C2B7704ECCFC}"
EndProject
Project("{9A19103F-16F7-4668-BE54-9A1E7A4F7556}") = "IW5.IdentityProvider.BL", "IW5.IdentityProvider.BL\IW5.IdentityProvider.BL.csproj", "{5F8D24E5-5C27-45FF-836C-4457DCAC3996}"
EndProject
Project("{9A19103F-16F7-4668-BE54-9A1E7A4F7556}") = "IW5.IdentityProvider.App", "IW5.IdentifyProvider.App\IW5.IdentityProvider.App.csproj", "{03834BC0-C5B1-49E4-A84A-861A2870EF4F}"
EndProject
Project("{2150E333-8FDC-42A3-9474-1A3956D46DE8}") = "WebApp", "WebApp", "{532E55CA-D01E-469C-A0E4-4B6628C0B10C}"
EndProject
Project("{9A19103F-16F7-4668-BE54-9A1E7A4F7556}") = "IW5.Web.App", "IW5.Web.App\IW5.Web.App.csproj", "{28796467-0606-454D-8D79-8471BD572DB9}"
EndProject
Global
	GlobalSection(SolutionConfigurationPlatforms) = preSolution
		Debug|Any CPU = Debug|Any CPU
		Release|Any CPU = Release|Any CPU
	EndGlobalSection
	GlobalSection(ProjectConfigurationPlatforms) = postSolution
		{C230585E-A17E-4A14-887A-4C533A4BCAC8}.Debug|Any CPU.ActiveCfg = Debug|Any CPU
		{C230585E-A17E-4A14-887A-4C533A4BCAC8}.Debug|Any CPU.Build.0 = Debug|Any CPU
		{C230585E-A17E-4A14-887A-4C533A4BCAC8}.Release|Any CPU.ActiveCfg = Release|Any CPU
		{C230585E-A17E-4A14-887A-4C533A4BCAC8}.Release|Any CPU.Build.0 = Release|Any CPU
		{7683E564-7648-42A6-9739-7C245914FEF5}.Debug|Any CPU.ActiveCfg = Debug|Any CPU
		{7683E564-7648-42A6-9739-7C245914FEF5}.Debug|Any CPU.Build.0 = Debug|Any CPU
		{7683E564-7648-42A6-9739-7C245914FEF5}.Release|Any CPU.ActiveCfg = Release|Any CPU
		{7683E564-7648-42A6-9739-7C245914FEF5}.Release|Any CPU.Build.0 = Release|Any CPU
		{5CB195BB-14C3-4D43-8D32-F68632612B5F}.Debug|Any CPU.ActiveCfg = Debug|Any CPU
		{5CB195BB-14C3-4D43-8D32-F68632612B5F}.Debug|Any CPU.Build.0 = Debug|Any CPU
		{5CB195BB-14C3-4D43-8D32-F68632612B5F}.Release|Any CPU.ActiveCfg = Release|Any CPU
		{5CB195BB-14C3-4D43-8D32-F68632612B5F}.Release|Any CPU.Build.0 = Release|Any CPU
		{3CC1D118-8A6A-4BEE-A103-8BCE922594B8}.Debug|Any CPU.ActiveCfg = Debug|Any CPU
		{3CC1D118-8A6A-4BEE-A103-8BCE922594B8}.Debug|Any CPU.Build.0 = Debug|Any CPU
		{3CC1D118-8A6A-4BEE-A103-8BCE922594B8}.Release|Any CPU.ActiveCfg = Release|Any CPU
		{3CC1D118-8A6A-4BEE-A103-8BCE922594B8}.Release|Any CPU.Build.0 = Release|Any CPU
		{7EAC5650-BCA5-463A-BE17-07C35A000E4D}.Debug|Any CPU.ActiveCfg = Debug|Any CPU
		{7EAC5650-BCA5-463A-BE17-07C35A000E4D}.Debug|Any CPU.Build.0 = Debug|Any CPU
		{7EAC5650-BCA5-463A-BE17-07C35A000E4D}.Release|Any CPU.ActiveCfg = Release|Any CPU
		{7EAC5650-BCA5-463A-BE17-07C35A000E4D}.Release|Any CPU.Build.0 = Release|Any CPU
		{E240CFB1-934C-425C-B7EF-F08EBB4FF0C0}.Debug|Any CPU.ActiveCfg = Debug|Any CPU
		{E240CFB1-934C-425C-B7EF-F08EBB4FF0C0}.Debug|Any CPU.Build.0 = Debug|Any CPU
		{E240CFB1-934C-425C-B7EF-F08EBB4FF0C0}.Release|Any CPU.ActiveCfg = Release|Any CPU
		{E240CFB1-934C-425C-B7EF-F08EBB4FF0C0}.Release|Any CPU.Build.0 = Release|Any CPU
		{DB56BF2E-895E-4870-AFB5-4118EBAAC506}.Debug|Any CPU.ActiveCfg = Debug|Any CPU
		{DB56BF2E-895E-4870-AFB5-4118EBAAC506}.Debug|Any CPU.Build.0 = Debug|Any CPU
		{DB56BF2E-895E-4870-AFB5-4118EBAAC506}.Release|Any CPU.ActiveCfg = Release|Any CPU
		{DB56BF2E-895E-4870-AFB5-4118EBAAC506}.Release|Any CPU.Build.0 = Release|Any CPU
		{FC00B511-CF52-40D6-83A0-DE311810D9A5}.Debug|Any CPU.ActiveCfg = Debug|Any CPU
		{FC00B511-CF52-40D6-83A0-DE311810D9A5}.Debug|Any CPU.Build.0 = Debug|Any CPU
		{FC00B511-CF52-40D6-83A0-DE311810D9A5}.Release|Any CPU.ActiveCfg = Release|Any CPU
		{FC00B511-CF52-40D6-83A0-DE311810D9A5}.Release|Any CPU.Build.0 = Release|Any CPU
		{D319A6E3-50BD-46DF-BBB6-BFB72B4627DE}.Debug|Any CPU.ActiveCfg = Debug|Any CPU
		{D319A6E3-50BD-46DF-BBB6-BFB72B4627DE}.Debug|Any CPU.Build.0 = Debug|Any CPU
		{D319A6E3-50BD-46DF-BBB6-BFB72B4627DE}.Release|Any CPU.ActiveCfg = Release|Any CPU
		{D319A6E3-50BD-46DF-BBB6-BFB72B4627DE}.Release|Any CPU.Build.0 = Release|Any CPU
		{2DFD1D4D-E64A-4A34-B564-CAC994A2ACC7}.Debug|Any CPU.ActiveCfg = Debug|Any CPU
		{2DFD1D4D-E64A-4A34-B564-CAC994A2ACC7}.Debug|Any CPU.Build.0 = Debug|Any CPU
		{2DFD1D4D-E64A-4A34-B564-CAC994A2ACC7}.Release|Any CPU.ActiveCfg = Release|Any CPU
		{2DFD1D4D-E64A-4A34-B564-CAC994A2ACC7}.Release|Any CPU.Build.0 = Release|Any CPU
		{7C4B6F21-413A-4655-A532-86DA4FF17343}.Debug|Any CPU.ActiveCfg = Debug|Any CPU
		{7C4B6F21-413A-4655-A532-86DA4FF17343}.Debug|Any CPU.Build.0 = Debug|Any CPU
		{7C4B6F21-413A-4655-A532-86DA4FF17343}.Release|Any CPU.ActiveCfg = Release|Any CPU
		{7C4B6F21-413A-4655-A532-86DA4FF17343}.Release|Any CPU.Build.0 = Release|Any CPU
		{3FE2330C-B827-415C-9090-1A8110714FB1}.Debug|Any CPU.ActiveCfg = Debug|Any CPU
		{3FE2330C-B827-415C-9090-1A8110714FB1}.Debug|Any CPU.Build.0 = Debug|Any CPU
		{3FE2330C-B827-415C-9090-1A8110714FB1}.Release|Any CPU.ActiveCfg = Release|Any CPU
		{3FE2330C-B827-415C-9090-1A8110714FB1}.Release|Any CPU.Build.0 = Release|Any CPU
		{7FE89244-63A1-4659-96AD-C2B7704ECCFC}.Debug|Any CPU.ActiveCfg = Debug|Any CPU
		{7FE89244-63A1-4659-96AD-C2B7704ECCFC}.Debug|Any CPU.Build.0 = Debug|Any CPU
		{7FE89244-63A1-4659-96AD-C2B7704ECCFC}.Release|Any CPU.ActiveCfg = Release|Any CPU
		{7FE89244-63A1-4659-96AD-C2B7704ECCFC}.Release|Any CPU.Build.0 = Release|Any CPU
		{5F8D24E5-5C27-45FF-836C-4457DCAC3996}.Debug|Any CPU.ActiveCfg = Debug|Any CPU
		{5F8D24E5-5C27-45FF-836C-4457DCAC3996}.Debug|Any CPU.Build.0 = Debug|Any CPU
		{5F8D24E5-5C27-45FF-836C-4457DCAC3996}.Release|Any CPU.ActiveCfg = Release|Any CPU
		{5F8D24E5-5C27-45FF-836C-4457DCAC3996}.Release|Any CPU.Build.0 = Release|Any CPU
		{03834BC0-C5B1-49E4-A84A-861A2870EF4F}.Debug|Any CPU.ActiveCfg = Debug|Any CPU
		{03834BC0-C5B1-49E4-A84A-861A2870EF4F}.Debug|Any CPU.Build.0 = Debug|Any CPU
		{03834BC0-C5B1-49E4-A84A-861A2870EF4F}.Release|Any CPU.ActiveCfg = Release|Any CPU
		{03834BC0-C5B1-49E4-A84A-861A2870EF4F}.Release|Any CPU.Build.0 = Release|Any CPU
		{28796467-0606-454D-8D79-8471BD572DB9}.Debug|Any CPU.ActiveCfg = Debug|Any CPU
		{28796467-0606-454D-8D79-8471BD572DB9}.Debug|Any CPU.Build.0 = Debug|Any CPU
		{28796467-0606-454D-8D79-8471BD572DB9}.Release|Any CPU.ActiveCfg = Release|Any CPU
		{28796467-0606-454D-8D79-8471BD572DB9}.Release|Any CPU.Build.0 = Release|Any CPU
	EndGlobalSection
	GlobalSection(SolutionProperties) = preSolution
		HideSolutionNode = FALSE
	EndGlobalSection
	GlobalSection(NestedProjects) = preSolution
		{C230585E-A17E-4A14-887A-4C533A4BCAC8} = {28907FCF-8F39-47DF-9EE3-C209CD3BDF15}
		{5CB195BB-14C3-4D43-8D32-F68632612B5F} = {28907FCF-8F39-47DF-9EE3-C209CD3BDF15}
		{3CC1D118-8A6A-4BEE-A103-8BCE922594B8} = {28907FCF-8F39-47DF-9EE3-C209CD3BDF15}
		{7EAC5650-BCA5-463A-BE17-07C35A000E4D} = {28907FCF-8F39-47DF-9EE3-C209CD3BDF15}
		{E240CFB1-934C-425C-B7EF-F08EBB4FF0C0} = {28907FCF-8F39-47DF-9EE3-C209CD3BDF15}
		{7FE89244-63A1-4659-96AD-C2B7704ECCFC} = {0BF4E3A4-BADD-48AF-AE7C-47AD5E4D8D77}
		{5F8D24E5-5C27-45FF-836C-4457DCAC3996} = {0BF4E3A4-BADD-48AF-AE7C-47AD5E4D8D77}
		{03834BC0-C5B1-49E4-A84A-861A2870EF4F} = {0BF4E3A4-BADD-48AF-AE7C-47AD5E4D8D77}
		{28796467-0606-454D-8D79-8471BD572DB9} = {532E55CA-D01E-469C-A0E4-4B6628C0B10C}
	EndGlobalSection
	GlobalSection(ExtensibilityGlobals) = postSolution
		SolutionGuid = {AFF690CD-3894-45D2-9C87-12A9AF11FFB3}
	EndGlobalSection
EndGlobal
